{
  "name": "deborah-arrays-operations",
  "version": "1.1.0",
  "lockfileVersion": 3,
  "requires": true,
  "packages": {
    "": {
      "name": "deborah-arrays-operations",
      "version": "1.1.0",
      "license": "ISC",
      "dependencies": {
        "deborah-arrays-operations": "^1.3.0"
      }
    },
    "node_modules/deborah-arrays-operations": {
      "version": "1.3.0",
      "resolved": "https://registry.npmjs.org/deborah-arrays-operations/-/deborah-arrays-operations-1.3.0.tgz",
      "integrity": "sha512-c8cq5FxsrvP7+T8bGN4dWsQLp2Hu6n1SQ5LmiF6FakwVrfOgm+jnFZPsigJ/iHKoDROz4ef1f0LTHGyW65abLw=="
    }
  }
}
